
Microsoft Visual Studio Solution File, Format Version 12.00
# Visual Studio 15
VisualStudioVersion = 15.0.27625.0
MinimumVisualStudioVersion = 10.0.40219.1
Project("{9A19103F-16F7-4668-BE54-9A1E7A4F7556}") = "WebApplication12", "WebApplication12\WebApplication12.csproj", "{5EF57E6C-D496-449E-BAAC-BC629208B298}"
EndProject
Global
	GlobalSection(SolutionConfigurationPlatforms) = preSolution
		Debug|Any CPU = Debug|Any CPU
		Release|Any CPU = Release|Any CPU
	EndGlobalSection
	GlobalSection(ProjectConfigurationPlatforms) = postSolution
		{5EF57E6C-D496-449E-BAAC-BC629208B298}.Debug|Any CPU.ActiveCfg = Debug|Any CPU
		{5EF57E6C-D496-449E-BAAC-BC629208B298}.Debug|Any CPU.Build.0 = Debug|Any CPU
		{5EF57E6C-D496-449E-BAAC-BC629208B298}.Release|Any CPU.ActiveCfg = Release|Any CPU
		{5EF57E6C-D496-449E-BAAC-BC629208B298}.Release|Any CPU.Build.0 = Release|Any CPU
	EndGlobalSection
	GlobalSection(SolutionProperties) = preSolution
		HideSolutionNode = FALSE
	EndGlobalSection
	GlobalSection(ExtensibilityGlobals) = postSolution
		SolutionGuid = {7491C067-580C-45BF-8A0A-B303BF5B6C85}
	EndGlobalSection
EndGlobal
